
Microsoft Visual Studio Solution File, Format Version 11.00
# Visual Studio 2010
Project("{FAE04EC0-301F-11D3-BF4B-00C04F79EFBC}") = "Assembly-CSharp", "Assembly-CSharp.csproj", "{bacaf055-57aa-24a3-2dcf-d0ef4f7d5152}"
EndProject
Project("{FAE04EC0-301F-11D3-BF4B-00C04F79EFBC}") = "PhotonUnityNetworking.Utilities", "PhotonUnityNetworking.Utilities.csproj", "{6c08618d-c09b-fc56-ff28-d491ec133895}"
EndProject
Project("{FAE04EC0-301F-11D3-BF4B-00C04F79EFBC}") = "PhotonChat", "PhotonChat.csproj", "{6ed942a0-49a4-bd76-576e-a4302cc05db8}"
EndProject
Project("{FAE04EC0-301F-11D3-BF4B-00C04F79EFBC}") = "PhotonUnityNetworking", "PhotonUnityNetworking.csproj", "{b70c74f3-fec7-ee91-580c-4b08ffb5b02a}"
EndProject
Project("{FAE04EC0-301F-11D3-BF4B-00C04F79EFBC}") = "PhotonRealtime", "PhotonRealtime.csproj", "{4ef7e512-1283-1617-3b82-f8a7b511f38a}"
EndProject
Project("{FAE04EC0-301F-11D3-BF4B-00C04F79EFBC}") = "Assembly-CSharp-firstpass", "Assembly-CSharp-firstpass.csproj", "{f8440e15-16f2-1706-6e7f-15f49de9d999}"
EndProject
Project("{FAE04EC0-301F-11D3-BF4B-00C04F79EFBC}") = "PhotonWebSocket", "PhotonWebSocket.csproj", "{583a3aec-a405-3a54-178b-6b1c6f894fa6}"
EndProject
Project("{FAE04EC0-301F-11D3-BF4B-00C04F79EFBC}") = "Assembly-CSharp-Editor-firstpass", "Assembly-CSharp-Editor-firstpass.csproj", "{b7d03462-bc99-3c17-0163-090beaf431ff}"
EndProject
Project("{FAE04EC0-301F-11D3-BF4B-00C04F79EFBC}") = "PhotonUnityNetworking.Editor", "PhotonUnityNetworking.Editor.csproj", "{25574cc4-580c-dd0e-6630-0a1c1fcf289a}"
EndProject
Project("{FAE04EC0-301F-11D3-BF4B-00C04F79EFBC}") = "PhotonUnityNetworking.Utilities.PhotonPlayer.Editor", "PhotonUnityNetworking.Utilities.PhotonPlayer.Editor.csproj", "{6de67cb5-6f5b-22cf-4021-7dc853a658fd}"
EndProject
Project("{FAE04EC0-301F-11D3-BF4B-00C04F79EFBC}") = "PhotonUnityNetworking.Utilities.Culling.Editor", "PhotonUnityNetworking.Utilities.Culling.Editor.csproj", "{4ab50aeb-f9bb-029a-1011-1773c59acc4c}"
EndProject
Global
	GlobalSection(SolutionConfigurationPlatforms) = preSolution
		Debug|Any CPU = Debug|Any CPU
		Release|Any CPU = Release|Any CPU
	EndGlobalSection
	GlobalSection(ProjectConfigurationPlatforms) = postSolution
		{bacaf055-57aa-24a3-2dcf-d0ef4f7d5152}.Debug|Any CPU.ActiveCfg = Debug|Any CPU
		{bacaf055-57aa-24a3-2dcf-d0ef4f7d5152}.Debug|Any CPU.Build.0 = Debug|Any CPU
		{bacaf055-57aa-24a3-2dcf-d0ef4f7d5152}.Release|Any CPU.ActiveCfg = Release|Any CPU
		{bacaf055-57aa-24a3-2dcf-d0ef4f7d5152}.Release|Any CPU.Build.0 = Release|Any CPU
		{6c08618d-c09b-fc56-ff28-d491ec133895}.Debug|Any CPU.ActiveCfg = Debug|Any CPU
		{6c08618d-c09b-fc56-ff28-d491ec133895}.Debug|Any CPU.Build.0 = Debug|Any CPU
		{6c08618d-c09b-fc56-ff28-d491ec133895}.Release|Any CPU.ActiveCfg = Release|Any CPU
		{6c08618d-c09b-fc56-ff28-d491ec133895}.Release|Any CPU.Build.0 = Release|Any CPU
		{6ed942a0-49a4-bd76-576e-a4302cc05db8}.Debug|Any CPU.ActiveCfg = Debug|Any CPU
		{6ed942a0-49a4-bd76-576e-a4302cc05db8}.Debug|Any CPU.Build.0 = Debug|Any CPU
		{6ed942a0-49a4-bd76-576e-a4302cc05db8}.Release|Any CPU.ActiveCfg = Release|Any CPU
		{6ed942a0-49a4-bd76-576e-a4302cc05db8}.Release|Any CPU.Build.0 = Release|Any CPU
		{b70c74f3-fec7-ee91-580c-4b08ffb5b02a}.Debug|Any CPU.ActiveCfg = Debug|Any CPU
		{b70c74f3-fec7-ee91-580c-4b08ffb5b02a}.Debug|Any CPU.Build.0 = Debug|Any CPU
		{b70c74f3-fec7-ee91-580c-4b08ffb5b02a}.Release|Any CPU.ActiveCfg = Release|Any CPU
		{b70c74f3-fec7-ee91-580c-4b08ffb5b02a}.Release|Any CPU.Build.0 = Release|Any CPU
		{4ef7e512-1283-1617-3b82-f8a7b511f38a}.Debug|Any CPU.ActiveCfg = Debug|Any CPU
		{4ef7e512-1283-1617-3b82-f8a7b511f38a}.Debug|Any CPU.Build.0 = Debug|Any CPU
		{4ef7e512-1283-1617-3b82-f8a7b511f38a}.Release|Any CPU.ActiveCfg = Release|Any CPU
		{4ef7e512-1283-1617-3b82-f8a7b511f38a}.Release|Any CPU.Build.0 = Release|Any CPU
		{f8440e15-16f2-1706-6e7f-15f49de9d999}.Debug|Any CPU.ActiveCfg = Debug|Any CPU
		{f8440e15-16f2-1706-6e7f-15f49de9d999}.Debug|Any CPU.Build.0 = Debug|Any CPU
		{f8440e15-16f2-1706-6e7f-15f49de9d999}.Release|Any CPU.ActiveCfg = Release|Any CPU
		{f8440e15-16f2-1706-6e7f-15f49de9d999}.Release|Any CPU.Build.0 = Release|Any CPU
		{583a3aec-a405-3a54-178b-6b1c6f894fa6}.Debug|Any CPU.ActiveCfg = Debug|Any CPU
		{583a3aec-a405-3a54-178b-6b1c6f894fa6}.Debug|Any CPU.Build.0 = Debug|Any CPU
		{583a3aec-a405-3a54-178b-6b1c6f894fa6}.Release|Any CPU.ActiveCfg = Release|Any CPU
		{583a3aec-a405-3a54-178b-6b1c6f894fa6}.Release|Any CPU.Build.0 = Release|Any CPU
		{b7d03462-bc99-3c17-0163-090beaf431ff}.Debug|Any CPU.ActiveCfg = Debug|Any CPU
		{b7d03462-bc99-3c17-0163-090beaf431ff}.Debug|Any CPU.Build.0 = Debug|Any CPU
		{b7d03462-bc99-3c17-0163-090beaf431ff}.Release|Any CPU.ActiveCfg = Release|Any CPU
		{b7d03462-bc99-3c17-0163-090beaf431ff}.Release|Any CPU.Build.0 = Release|Any CPU
		{25574cc4-580c-dd0e-6630-0a1c1fcf289a}.Debug|Any CPU.ActiveCfg = Debug|Any CPU
		{25574cc4-580c-dd0e-6630-0a1c1fcf289a}.Debug|Any CPU.Build.0 = Debug|Any CPU
		{25574cc4-580c-dd0e-6630-0a1c1fcf289a}.Release|Any CPU.ActiveCfg = Release|Any CPU
		{25574cc4-580c-dd0e-6630-0a1c1fcf289a}.Release|Any CPU.Build.0 = Release|Any CPU
		{6de67cb5-6f5b-22cf-4021-7dc853a658fd}.Debug|Any CPU.ActiveCfg = Debug|Any CPU
		{6de67cb5-6f5b-22cf-4021-7dc853a658fd}.Debug|Any CPU.Build.0 = Debug|Any CPU
		{6de67cb5-6f5b-22cf-4021-7dc853a658fd}.Release|Any CPU.ActiveCfg = Release|Any CPU
		{6de67cb5-6f5b-22cf-4021-7dc853a658fd}.Release|Any CPU.Build.0 = Release|Any CPU
		{4ab50aeb-f9bb-029a-1011-1773c59acc4c}.Debug|Any CPU.ActiveCfg = Debug|Any CPU
		{4ab50aeb-f9bb-029a-1011-1773c59acc4c}.Debug|Any CPU.Build.0 = Debug|Any CPU
		{4ab50aeb-f9bb-029a-1011-1773c59acc4c}.Release|Any CPU.ActiveCfg = Release|Any CPU
		{4ab50aeb-f9bb-029a-1011-1773c59acc4c}.Release|Any CPU.Build.0 = Release|Any CPU
	EndGlobalSection
	GlobalSection(SolutionProperties) = preSolution
		HideSolutionNode = FALSE
	EndGlobalSection
EndGlobal
